// !$*UTF8*$!
{
	archiveVersion = 1;
	classes = {
	};
	objectVersion = 50;
	objects = {

/* Begin PBXBuildFile section */
		BAA83776CC31F34359462E63 /* Pods_ios_todolist_realm.framework in Frameworks */ = {isa = PBXBuildFile; fileRef = 38DA81FA8A37467E3E7D01A8 /* Pods_ios_todolist_realm.framework */; };
		FC2A90F324AAC96A00B6E153 /* AppDelegate.swift in Sources */ = {isa = PBXBuildFile; fileRef = FC2A90F224AAC96A00B6E153 /* AppDelegate.swift */; };
		FC2A90F524AAC96A00B6E153 /* SceneDelegate.swift in Sources */ = {isa = PBXBuildFile; fileRef = FC2A90F424AAC96A00B6E153 /* SceneDelegate.swift */; };
		FC2A90F724AAC96A00B6E153 /* ViewController.swift in Sources */ = {isa = PBXBuildFile; fileRef = FC2A90F624AAC96A00B6E153 /* ViewController.swift */; };
		FC2A90FA24AAC96A00B6E153 /* Main.storyboard in Resources */ = {isa = PBXBuildFile; fileRef = FC2A90F824AAC96A00B6E153 /* Main.storyboard */; };
		FC2A90FC24AAC96C00B6E153 /* Assets.xcassets in Resources */ = {isa = PBXBuildFile; fileRef = FC2A90FB24AAC96C00B6E153 /* Assets.xcassets */; };
		FC2A90FF24AAC96C00B6E153 /* LaunchScreen.storyboard in Resources */ = {isa = PBXBuildFile; fileRef = FC2A90FD24AAC96C00B6E153 /* LaunchScreen.storyboard */; };
/* End PBXBuildFile section */

/* Begin PBXFileReference section */
		38DA81FA8A37467E3E7D01A8 /* Pods_ios_todolist_realm.framework */ = {isa = PBXFileReference; explicitFileType = wrapper.framework; includeInIndex = 0; path = Pods_ios_todolist_realm.framework; sourceTree = BUILT_PRODUCTS_DIR; };
		45146CA5283699B2380F5A08 /* Pods-ios-todolist-realm.release.xcconfig */ = {isa = PBXFileReference; includeInIndex = 1; lastKnownFileType = text.xcconfig; name = "Pods-ios-todolist-realm.release.xcconfig"; path = "Target Support Files/Pods-ios-todolist-realm/Pods-ios-todolist-realm.release.xcconfig"; sourceTree = "<group>"; };
		7810DDB68C03A2052A6F8690 /* Pods-ios-todolist-realm.debug.xcconfig */ = {isa = PBXFileReference; includeInIndex = 1; lastKnownFileType = text.xcconfig; name = "Pods-ios-todolist-realm.debug.xcconfig"; path = "Target Support Files/Pods-ios-todolist-realm/Pods-ios-todolist-realm.debug.xcconfig"; sourceTree = "<group>"; };
		FC2A90EF24AAC96A00B6E153 /* ios-todolist-realm.app */ = {isa = PBXFileReference; explicitFileType = wrapper.application; includeInIndex = 0; path = "ios-todolist-realm.app"; sourceTree = BUILT_PRODUCTS_DIR; };
		FC2A90F224AAC96A00B6E153 /* AppDelegate.swift */ = {isa = PBXFileReference; lastKnownFileType = sourcecode.swift; path = AppDelegate.swift; sourceTree = "<group>"; };
		FC2A90F424AAC96A00B6E153 /* SceneDelegate.swift */ = {isa = PBXFileReference; lastKnownFileType = sourcecode.swift; path = SceneDelegate.swift; sourceTree = "<group>"; };
		FC2A90F624AAC96A00B6E153 /* ViewController.swift */ = {isa = PBXFileReference; lastKnownFileType = sourcecode.swift; path = ViewController.swift; sourceTree = "<group>"; };
		FC2A90F924AAC96A00B6E153 /* Base */ = {isa = PBXFileReference; lastKnownFileType = file.storyboard; name = Base; path = Base.lproj/Main.storyboard; sourceTree = "<group>"; };
		FC2A90FB24AAC96C00B6E153 /* Assets.xcassets */ = {isa = PBXFileReference; lastKnownFileType = folder.assetcatalog; path = Assets.xcassets; sourceTree = "<group>"; };
		FC2A90FE24AAC96C00B6E153 /* Base */ = {isa = PBXFileReference; lastKnownFileType = file.storyboard; name = Base; path = Base.lproj/LaunchScreen.storyboard; sourceTree = "<group>"; };
		FC2A910024AAC96C00B6E153 /* Info.plist */ = {isa = PBXFileReference; lastKnownFileType = text.plist.xml; path = Info.plist; sourceTree = "<group>"; };
/* End PBXFileReference section */

/* Begin PBXFrameworksBuildPhase section */
		FC2A90EC24AAC96A00B6E153 /* Frameworks */ = {
			isa = PBXFrameworksBuildPhase;
			buildActionMask = 2147483647;
			files = (
				BAA83776CC31F34359462E63 /* Pods_ios_todolist_realm.framework in Frameworks */,
			);
			runOnlyForDeploymentPostprocessing = 0;
		};
/* End PBXFrameworksBuildPhase section */

/* Begin PBXGroup section */
		029FAA0820A74F5908305239 /* Frameworks */ = {
			isa = PBXGroup;
			children = (
				38DA81FA8A37467E3E7D01A8 /* Pods_ios_todolist_realm.framework */,
			);
			name = Frameworks;
			sourceTree = "<group>";
		};
		A479AFDE8FF2DE2581628521 /* Pods */ = {
			isa = PBXGroup;
			children = (
				7810DDB68C03A2052A6F8690 /* Pods-ios-todolist-realm.debug.xcconfig */,
				45146CA5283699B2380F5A08 /* Pods-ios-todolist-realm.release.xcconfig */,
			);
			name = Pods;
			path = Pods;
			sourceTree = "<group>";
		};
		FC2A90E624AAC96A00B6E153 = {
			isa = PBXGroup;
			children = (
				FC2A90F124AAC96A00B6E153 /* ios-todolist-realm */,
				FC2A90F024AAC96A00B6E153 /* Products */,
				A479AFDE8FF2DE2581628521 /* Pods */,
				029FAA0820A74F5908305239 /* Frameworks */,
			);
			sourceTree = "<group>";
		};
		FC2A90F024AAC96A00B6E153 /* Products */ = {
			isa = PBXGroup;
			children = (
				FC2A90EF24AAC96A00B6E153 /* ios-todolist-realm.app */,
			);
			name = Products;
			sourceTree = "<group>";
		};
		FC2A90F124AAC96A00B6E153 /* ios-todolist-realm */ = {
			isa = PBXGroup;
			children = (
				FC2A90F224AAC96A00B6E153 /* AppDelegate.swift */,
				FC2A90F424AAC96A00B6E153 /* SceneDelegate.swift */,
				FC2A90F624AAC96A00B6E153 /* ViewController.swift */,
				FC2A90F824AAC96A00B6E153 /* Main.storyboard */,
				FC2A90FB24AAC96C00B6E153 /* Assets.xcassets */,
				FC2A90FD24AAC96C00B6E153 /* LaunchScreen.storyboard */,
				FC2A910024AAC96C00B6E153 /* Info.plist */,
			);
			path = "ios-todolist-realm";
			sourceTree = "<group>";
		};
/* End PBXGroup section */

/* Begin PBXNativeTarget section */
		FC2A90EE24AAC96A00B6E153 /* ios-todolist-realm */ = {
			isa = PBXNativeTarget;
			buildConfigurationList = FC2A910324AAC96C00B6E153 /* Build configuration list for PBXNativeTarget "ios-todolist-realm" */;
			buildPhases = (
				1FC364AEB6705598D6188030 /* [CP] Check Pods Manifest.lock */,
				FC2A90EB24AAC96A00B6E153 /* Sources */,
				FC2A90EC24AAC96A00B6E153 /* Frameworks */,
				FC2A90ED24AAC96A00B6E153 /* Resources */,
				2C406BB094708656B3B64576 /* [CP] Embed Pods Frameworks */,
			);
			buildRules = (
			);
			dependencies = (
			);
			name = "ios-todolist-realm";
			productName = "ios-todolist-realm";
			productReference = FC2A90EF24AAC96A00B6E153 /* ios-todolist-realm.app */;
			productType = "com.apple.product-type.application";
		};
/* End PBXNativeTarget section */

/* Begin PBXProject section */
		FC2A90E724AAC96A00B6E153 /* Project object */ = {
			isa = PBXProject;
			attributes = {
				LastSwiftUpdateCheck = 1150;
				LastUpgradeCheck = 1150;
				ORGANIZATIONNAME = omrobbie;
				TargetAttributes = {
					FC2A90EE24AAC96A00B6E153 = {
						CreatedOnToolsVersion = 11.5;
					};
				};
			};
			buildConfigurationList = FC2A90EA24AAC96A00B6E153 /* Build configuration list for PBXProject "ios-todolist-realm" */;
			compatibilityVersion = "Xcode 9.3";
			developmentRegion = en;
			hasScannedForEncodings = 0;
			knownRegions = (
				en,
				Base,
			);
			mainGroup = FC2A90E624AAC96A00B6E153;
			productRefGroup = FC2A90F024AAC96A00B6E153 /* Products */;
			projectDirPath = "";
			projectRoot = "";
			targets = (
				FC2A90EE24AAC96A00B6E153 /* ios-todolist-realm */,
			);
		};
/* End PBXProject section */

/* Begin PBXResourcesBuildPhase section */
		FC2A90ED24AAC96A00B6E153 /* Resources */ = {
			isa = PBXResourcesBuildPhase;
			buildActionMask = 2147483647;
			files = (
				FC2A90FF24AAC96C00B6E153 /* LaunchScreen.storyboard in Resources */,
				FC2A90FC24AAC96C00B6E153 /* Assets.xcassets in Resources */,
				FC2A90FA24AAC96A00B6E153 /* Main.storyboard in Resources */,
			);
			runOnlyForDeploymentPostprocessing = 0;
		};
/* End PBXResourcesBuildPhase section */

/* Begin PBXShellScriptBuildPhase section */
		1FC364AEB6705598D6188030 /* [CP] Check Pods Manifest.lock */ = {
			isa = PBXShellScriptBuildPhase;
			buildActionMask = 2147483647;
			files = (
			);
			inputFileListPaths = (
			);
			inputPaths = (
				"${PODS_PODFILE_DIR_PATH}/Podfile.lock",
				"${PODS_ROOT}/Manifest.lock",
			);
			name = "[CP] Check Pods Manifest.lock";
			outputFileListPaths = (
			);
			outputPaths = (
				"$(DERIVED_FILE_DIR)/Pods-ios-todolist-realm-checkManifestLockResult.txt",
			);
			runOnlyForDeploymentPostprocessing = 0;
			shellPath = /bin/sh;
			shellScript = "diff \"${PODS_PODFILE_DIR_PATH}/Podfile.lock\" \"${PODS_ROOT}/Manifest.lock\" > /dev/null\nif [ $? != 0 ] ; then\n    # print error to STDERR\n    echo \"error: The sandbox is not in sync with the Podfile.lock. Run 'pod install' or update your CocoaPods installation.\" >&2\n    exit 1\nfi\n# This output is used by Xcode 'outputs' to avoid re-running this script phase.\necho \"SUCCESS\" > \"${SCRIPT_OUTPUT_FILE_0}\"\n";
			showEnvVarsInLog = 0;
		};
		2C406BB094708656B3B64576 /* [CP] Embed Pods Frameworks */ = {
			isa = PBXShellScriptBuildPhase;
			buildActionMask = 2147483647;
			files = (
			);
			inputFileListPaths = (
				"${PODS_ROOT}/Target Support Files/Pods-ios-todolist-realm/Pods-ios-todolist-realm-frameworks-${CONFIGURATION}-input-files.xcfilelist",
			);
			name = "[CP] Embed Pods Frameworks";
			outputFileListPaths = (
				"${PODS_ROOT}/Target Support Files/Pods-ios-todolist-realm/Pods-ios-todolist-realm-frameworks-${CONFIGURATION}-output-files.xcfilelist",
			);
			runOnlyForDeploymentPostprocessing = 0;
			shellPath = /bin/sh;
			shellScript = "\"${PODS_ROOT}/Target Support Files/Pods-ios-todolist-realm/Pods-ios-todolist-realm-frameworks.sh\"\n";
			showEnvVarsInLog = 0;
		};
/* End PBXShellScriptBuildPhase section */

/* Begin PBXSourcesBuildPhase section */
		FC2A90EB24AAC96A00B6E153 /* Sources */ = {
			isa = PBXSourcesBuildPhase;
			buildActionMask = 2147483647;
			files = (
				FC2A90F724AAC96A00B6E153 /* ViewController.swift in Sources */,
				FC2A90F324AAC96A00B6E153 /* AppDelegate.swift in Sources */,
				FC2A90F524AAC96A00B6E153 /* SceneDelegate.swift in Sources */,
			);
			runOnlyForDeploymentPostprocessing = 0;
		};
/* End PBXSourcesBuildPhase section */

/* Begin PBXVariantGroup section */
		FC2A90F824AAC96A00B6E153 /* Main.storyboard */ = {
			isa = PBXVariantGroup;
			children = (
				FC2A90F924AAC96A00B6E153 /* Base */,
			);
			name = Main.storyboard;
			sourceTree = "<group>";
		};
		FC2A90FD24AAC96C00B6E153 /* LaunchScreen.storyboard */ = {
			isa = PBXVariantGroup;
			children = (
				FC2A90FE24AAC96C00B6E153 /* Base */,
			);
			name = LaunchScreen.storyboard;
			sourceTree = "<group>";
		};
/* End PBXVariantGroup section */

/* Begin XCBuildConfiguration section */
		FC2A910124AAC96C00B6E153 /* Debug */ = {
			isa = XCBuildConfiguration;
			buildSettings = {
				ALWAYS_SEARCH_USER_PATHS = NO;
				CLANG_ANALYZER_NONNULL = YES;
				CLANG_ANALYZER_NUMBER_OBJECT_CONVERSION = YES_AGGRESSIVE;
				CLANG_CXX_LANGUAGE_STANDARD = "gnu++14";
				CLANG_CXX_LIBRARY = "libc++";
				CLANG_ENABLE_MODULES = YES;
				CLANG_ENABLE_OBJC_ARC = YES;
				CLANG_ENABLE_OBJC_WEAK = YES;
				CLANG_WARN_BLOCK_CAPTURE_AUTORELEASING = YES;
				CLANG_WARN_BOOL_CONVERSION = YES;
				CLANG_WARN_COMMA = YES;
				CLANG_WARN_CONSTANT_CONVERSION = YES;
				CLANG_WARN_DEPRECATED_OBJC_IMPLEMENTATIONS = YES;
				CLANG_WARN_DIRECT_OBJC_ISA_USAGE = YES_ERROR;
				CLANG_WARN_DOCUMENTATION_COMMENTS = YES;
				CLANG_WARN_EMPTY_BODY = YES;
				CLANG_WARN_ENUM_CONVERSION = YES;
				CLANG_WARN_INFINITE_RECURSION = YES;
				CLANG_WARN_INT_CONVERSION = YES;
				CLANG_WARN_NON_LITERAL_NULL_CONVERSION = YES;
				CLANG_WARN_OBJC_IMPLICIT_RETAIN_SELF = YES;
				CLANG_WARN_OBJC_LITERAL_CONVERSION = YES;
				CLANG_WARN_OBJC_ROOT_CLASS = YES_ERROR;
				CLANG_WARN_RANGE_LOOP_ANALYSIS = YES;
				CLANG_WARN_STRICT_PROTOTYPES = YES;
				CLANG_WARN_SUSPICIOUS_MOVE = YES;
				CLANG_WARN_UNGUARDED_AVAILABILITY = YES_AGGRESSIVE;
				CLANG_WARN_UNREACHABLE_CODE = YES;
				CLANG_WARN__DUPLICATE_METHOD_MATCH = YES;
				COPY_PHASE_STRIP = NO;
				DEBUG_INFORMATION_FORMAT = dwarf;
				ENABLE_STRICT_OBJC_MSGSEND = YES;
				ENABLE_TESTABILITY = YES;
				GCC_C_LANGUAGE_STANDARD = gnu11;
				GCC_DYNAMIC_NO_PIC = NO;
				GCC_NO_COMMON_BLOCKS = YES;
				GCC_OPTIMIZATION_LEVEL = 0;
				GCC_PREPROCESSOR_DEFINITIONS = (
					"DEBUG=1",
					"$(inherited)",
				);
				GCC_WARN_64_TO_32_BIT_CONVERSION = YES;
				GCC_WARN_ABOUT_RETURN_TYPE = YES_ERROR;
				GCC_WARN_UNDECLARED_SELECTOR = YES;
				GCC_WARN_UNINITIALIZED_AUTOS = YES_AGGRESSIVE;
				GCC_WARN_UNUSED_FUNCTION = YES;
				GCC_WARN_UNUSED_VARIABLE = YES;
				IPHONEOS_DEPLOYMENT_TARGET = 13.5;
				MTL_ENABLE_DEBUG_INFO = INCLUDE_SOURCE;
				MTL_FAST_MATH = YES;
				ONLY_ACTIVE_ARCH = YES;
				SDKROOT = iphoneos;
				SWIFT_ACTIVE_COMPILATION_CONDITIONS = DEBUG;
				SWIFT_OPTIMIZATION_LEVEL = "-Onone";
			};
			name = Debug;
		};
		FC2A910224AAC96C00B6E153 /* Release */ = {
			isa = XCBuildConfiguration;
			buildSettings = {
				ALWAYS_SEARCH_USER_PATHS = NO;
				CLANG_ANALYZER_NONNULL = YES;
				CLANG_ANALYZER_NUMBER_OBJECT_CONVERSION = YES_AGGRESSIVE;
				CLANG_CXX_LANGUAGE_STANDARD = "gnu++14";
				CLANG_CXX_LIBRARY = "libc++";
				CLANG_ENABLE_MODULES = YES;
				CLANG_ENABLE_OBJC_ARC = YES;
				CLANG_ENABLE_OBJC_WEAK = YES;
				CLANG_WARN_BLOCK_CAPTURE_AUTORELEASING = YES;
				CLANG_WARN_BOOL_CONVERSION = YES;
				CLANG_WARN_COMMA = YES;
				CLANG_WARN_CONSTANT_CONVERSION = YES;
				CLANG_WARN_DEPRECATED_OBJC_IMPLEMENTATIONS = YES;
				CLANG_WARN_DIRECT_OBJC_ISA_USAGE = YES_ERROR;
				CLANG_WARN_DOCUMENTATION_COMMENTS = YES;
				CLANG_WARN_EMPTY_BODY = YES;
				CLANG_WARN_ENUM_CONVERSION = YES;
				CLANG_WARN_INFINITE_RECURSION = YES;
				CLANG_WARN_INT_CONVERSION = YES;
				CLANG_WARN_NON_LITERAL_NULL_CONVERSION = YES;
				CLANG_WARN_OBJC_IMPLICIT_RETAIN_SELF = YES;
				CLANG_WARN_OBJC_LITERAL_CONVERSION = YES;
				CLANG_WARN_OBJC_ROOT_CLASS = YES_ERROR;
				CLANG_WARN_RANGE_LOOP_ANALYSIS = YES;
				CLANG_WARN_STRICT_PROTOTYPES = YES;
				CLANG_WARN_SUSPICIOUS_MOVE = YES;
				CLANG_WARN_UNGUARDED_AVAILABILITY = YES_AGGRESSIVE;
				CLANG_WARN_UNREACHABLE_CODE = YES;
				CLANG_WARN__DUPLICATE_METHOD_MATCH = YES;
				COPY_PHASE_STRIP = NO;
				DEBUG_INFORMATION_FORMAT = "dwarf-with-dsym";
				ENABLE_NS_ASSERTIONS = NO;
				ENABLE_STRICT_OBJC_MSGSEND = YES;
				GCC_C_LANGUAGE_STANDARD = gnu11;
				GCC_NO_COMMON_BLOCKS = YES;
				GCC_WARN_64_TO_32_BIT_CONVERSION = YES;
				GCC_WARN_ABOUT_RETURN_TYPE = YES_ERROR;
				GCC_WARN_UNDECLARED_SELECTOR = YES;
				GCC_WARN_UNINITIALIZED_AUTOS = YES_AGGRESSIVE;
				GCC_WARN_UNUSED_FUNCTION = YES;
				GCC_WARN_UNUSED_VARIABLE = YES;
				IPHONEOS_DEPLOYMENT_TARGET = 13.5;
				MTL_ENABLE_DEBUG_INFO = NO;
				MTL_FAST_MATH = YES;
				SDKROOT = iphoneos;
				SWIFT_COMPILATION_MODE = wholemodule;
				SWIFT_OPTIMIZATION_LEVEL = "-O";
				VALIDATE_PRODUCT = YES;
			};
			name = Release;
		};
		FC2A910424AAC96C00B6E153 /* Debug */ = {
			isa = XCBuildConfiguration;
			baseConfigurationReference = 7810DDB68C03A2052A6F8690 /* Pods-ios-todolist-realm.debug.xcconfig */;
			buildSettings = {
				ASSETCATALOG_COMPILER_APPICON_NAME = AppIcon;
				CODE_SIGN_STYLE = Automatic;
				INFOPLIST_FILE = "ios-todolist-realm/Info.plist";
				LD_RUNPATH_SEARCH_PATHS = (
					"$(inherited)",
					"@executable_path/Frameworks",
				);
				PRODUCT_BUNDLE_IDENTIFIER = "com.omrobbie.ios-todolist-realm";
				PRODUCT_NAME = "$(TARGET_NAME)";
				SWIFT_VERSION = 5.0;
				TARGETED_DEVICE_FAMILY = 1;
			};
			name = Debug;
		};
		FC2A910524AAC96C00B6E153 /* Release */ = {
			isa = XCBuildConfiguration;
			baseConfigurationReference = 45146CA5283699B2380F5A08 /* Pods-ios-todolist-realm.release.xcconfig */;
			buildSettings = {
				ASSETCATALOG_COMPILER_APPICON_NAME = AppIcon;
				CODE_SIGN_STYLE = Automatic;
				INFOPLIST_FILE = "ios-todolist-realm/Info.plist";
				LD_RUNPATH_SEARCH_PATHS = (
					"$(inherited)",
					"@executable_path/Frameworks",
				);
				PRODUCT_BUNDLE_IDENTIFIER = "com.omrobbie.ios-todolist-realm";
				PRODUCT_NAME = "$(TARGET_NAME)";
				SWIFT_VERSION = 5.0;
				TARGETED_DEVICE_FAMILY = 1;
			};
			name = Release;
		};
/* End XCBuildConfiguration section */

/* Begin XCConfigurationList section */
		FC2A90EA24AAC96A00B6E153 /* Build configuration list for PBXProject "ios-todolist-realm" */ = {
			isa = XCConfigurationList;
			buildConfigurations = (
				FC2A910124AAC96C00B6E153 /* Debug */,
				FC2A910224AAC96C00B6E153 /* Release */,
			);
			defaultConfigurationIsVisible = 0;
			defaultConfigurationName = Release;
		};
		FC2A910324AAC96C00B6E153 /* Build configuration list for PBXNativeTarget "ios-todolist-realm" */ = {
			isa = XCConfigurationList;
			buildConfigurations = (
				FC2A910424AAC96C00B6E153 /* Debug */,
				FC2A910524AAC96C00B6E153 /* Release */,
			);
			defaultConfigurationIsVisible = 0;
			defaultConfigurationName = Release;
		};
/* End XCConfigurationList section */
	};
	rootObject = FC2A90E724AAC96A00B6E153 /* Project object */;
}
